
Microsoft Visual Studio Solution File, Format Version 12.00
# Visual Studio Version 16
VisualStudioVersion = 16.0.810.16
MinimumVisualStudioVersion = 10.0.40219.1
Project("{FAE04EC0-301F-11D3-BF4B-00C04F79EFBC}") = "RadialMenuSkia.Android", "RadialMenuSkia.Android\RadialMenuSkia.Android.csproj", "{4EBDAD41-64F0-46B0-BE90-61B0FCA5E893}"
EndProject
Project("{FAE04EC0-301F-11D3-BF4B-00C04F79EFBC}") = "RadialMenuSkia.iOS", "RadialMenuSkia.iOS\RadialMenuSkia.iOS.csproj", "{FA4E6465-2DA6-4104-9FB2-47A4A703F732}"
EndProject
Project("{FAE04EC0-301F-11D3-BF4B-00C04F79EFBC}") = "RadialMenuSkia", "RadialMenuSkia\RadialMenuSkia.csproj", "{4911482A-4C88-4319-B90B-797C31F91B9D}"
EndProject
Global
	GlobalSection(SolutionConfigurationPlatforms) = preSolution
		Debug|Any CPU = Debug|Any CPU
		Release|Any CPU = Release|Any CPU
		Debug|iPhoneSimulator = Debug|iPhoneSimulator
		Release|iPhoneSimulator = Release|iPhoneSimulator
		Debug|iPhone = Debug|iPhone
		Release|iPhone = Release|iPhone
	EndGlobalSection
	GlobalSection(ProjectConfigurationPlatforms) = postSolution
		{4EBDAD41-64F0-46B0-BE90-61B0FCA5E893}.Debug|Any CPU.ActiveCfg = Debug|Any CPU
		{4EBDAD41-64F0-46B0-BE90-61B0FCA5E893}.Debug|Any CPU.Build.0 = Debug|Any CPU
		{4EBDAD41-64F0-46B0-BE90-61B0FCA5E893}.Release|Any CPU.ActiveCfg = Release|Any CPU
		{4EBDAD41-64F0-46B0-BE90-61B0FCA5E893}.Release|Any CPU.Build.0 = Release|Any CPU
		{4EBDAD41-64F0-46B0-BE90-61B0FCA5E893}.Debug|iPhoneSimulator.ActiveCfg = Debug|Any CPU
		{4EBDAD41-64F0-46B0-BE90-61B0FCA5E893}.Debug|iPhoneSimulator.Build.0 = Debug|Any CPU
		{4EBDAD41-64F0-46B0-BE90-61B0FCA5E893}.Release|iPhoneSimulator.ActiveCfg = Release|Any CPU
		{4EBDAD41-64F0-46B0-BE90-61B0FCA5E893}.Release|iPhoneSimulator.Build.0 = Release|Any CPU
		{4EBDAD41-64F0-46B0-BE90-61B0FCA5E893}.Debug|iPhone.ActiveCfg = Debug|Any CPU
		{4EBDAD41-64F0-46B0-BE90-61B0FCA5E893}.Debug|iPhone.Build.0 = Debug|Any CPU
		{4EBDAD41-64F0-46B0-BE90-61B0FCA5E893}.Release|iPhone.ActiveCfg = Release|Any CPU
		{4EBDAD41-64F0-46B0-BE90-61B0FCA5E893}.Release|iPhone.Build.0 = Release|Any CPU
		{FA4E6465-2DA6-4104-9FB2-47A4A703F732}.Debug|Any CPU.ActiveCfg = Debug|iPhoneSimulator
		{FA4E6465-2DA6-4104-9FB2-47A4A703F732}.Debug|Any CPU.Build.0 = Debug|iPhoneSimulator
		{FA4E6465-2DA6-4104-9FB2-47A4A703F732}.Release|Any CPU.ActiveCfg = Release|iPhoneSimulator
		{FA4E6465-2DA6-4104-9FB2-47A4A703F732}.Release|Any CPU.Build.0 = Release|iPhoneSimulator
		{FA4E6465-2DA6-4104-9FB2-47A4A703F732}.Debug|iPhoneSimulator.ActiveCfg = Debug|iPhoneSimulator
		{FA4E6465-2DA6-4104-9FB2-47A4A703F732}.Debug|iPhoneSimulator.Build.0 = Debug|iPhoneSimulator
		{FA4E6465-2DA6-4104-9FB2-47A4A703F732}.Release|iPhoneSimulator.ActiveCfg = Release|iPhoneSimulator
		{FA4E6465-2DA6-4104-9FB2-47A4A703F732}.Release|iPhoneSimulator.Build.0 = Release|iPhoneSimulator
		{FA4E6465-2DA6-4104-9FB2-47A4A703F732}.Debug|iPhone.ActiveCfg = Debug|iPhone
		{FA4E6465-2DA6-4104-9FB2-47A4A703F732}.Debug|iPhone.Build.0 = Debug|iPhone
		{FA4E6465-2DA6-4104-9FB2-47A4A703F732}.Release|iPhone.ActiveCfg = Release|iPhone
		{FA4E6465-2DA6-4104-9FB2-47A4A703F732}.Release|iPhone.Build.0 = Release|iPhone
		{4911482A-4C88-4319-B90B-797C31F91B9D}.Debug|Any CPU.ActiveCfg = Debug|Any CPU
		{4911482A-4C88-4319-B90B-797C31F91B9D}.Debug|Any CPU.Build.0 = Debug|Any CPU
		{4911482A-4C88-4319-B90B-797C31F91B9D}.Release|Any CPU.ActiveCfg = Release|Any CPU
		{4911482A-4C88-4319-B90B-797C31F91B9D}.Release|Any CPU.Build.0 = Release|Any CPU
		{4911482A-4C88-4319-B90B-797C31F91B9D}.Debug|iPhoneSimulator.ActiveCfg = Debug|Any CPU
		{4911482A-4C88-4319-B90B-797C31F91B9D}.Debug|iPhoneSimulator.Build.0 = Debug|Any CPU
		{4911482A-4C88-4319-B90B-797C31F91B9D}.Release|iPhoneSimulator.ActiveCfg = Release|Any CPU
		{4911482A-4C88-4319-B90B-797C31F91B9D}.Release|iPhoneSimulator.Build.0 = Release|Any CPU
		{4911482A-4C88-4319-B90B-797C31F91B9D}.Debug|iPhone.ActiveCfg = Debug|Any CPU
		{4911482A-4C88-4319-B90B-797C31F91B9D}.Debug|iPhone.Build.0 = Debug|Any CPU
		{4911482A-4C88-4319-B90B-797C31F91B9D}.Release|iPhone.ActiveCfg = Release|Any CPU
		{4911482A-4C88-4319-B90B-797C31F91B9D}.Release|iPhone.Build.0 = Release|Any CPU
	EndGlobalSection
	GlobalSection(SolutionProperties) = preSolution
		HideSolutionNode = FALSE
	EndGlobalSection
	GlobalSection(ExtensibilityGlobals) = postSolution
		SolutionGuid = {35611D34-9FDF-4A8C-A817-3584F7070BF1}
	EndGlobalSection
EndGlobal
